{
  "originHash" : "082ecaf6630a8c25319be2fcaadc52a33b6e4bbba75b687faa47ffd1e7ab235c",
  "pins" : [
    {
      "identity" : "bugsnag-cocoa",
      "kind" : "remoteSourceControl",
      "location" : "https://github.com/bugsnag/bugsnag-cocoa",
      "state" : {
        "revision" : "a499a57126eb5feb2fc91a1aaf557dbfe04f1bfe",
        "version" : "6.31.0"
      }
    },
    {
      "identity" : "bugsnag-cocoa-performance",
      "kind" : "remoteSourceControl",
      "location" : "https://github.com/bugsnag/bugsnag-cocoa-performance",
      "state" : {
        "revision" : "f610afb4fd7555b85a7164de3d075790356ed8bc",
        "version" : "1.11.1"
      }
    }
  ],
  "version" : 3
}
